# This file was autogenerated by Stack.
# You should not edit this file by hand.
# For more information, please see the documentation at:
#   https://docs.haskellstack.org/en/stable/lock_files

packages:
- completed:
    hackage: frisby-0.2.4@sha256:3c35d3374c7a347d12953b7450638e765e72b27a6b96d321b01c21d3832b8f06,1850
    pantry-tree:
      sha256: 43e9bed6cccab0e91ce17767f8eec02073d220bd78b58b9207cbaef096ccd36f
      size: 332
  original:
    hackage: frisby-0.2.4@sha256:3c35d3374c7a347d12953b7450638e765e72b27a6b96d321b01c21d3832b8f06,1850
snapshots:
- completed:
    sha256: 7abb45c0cc5eb349448b66d8753655542d45d387ad26970419282eab3d860724
    size: 585392
    url: https://raw.githubusercontent.com/commercialhaskell/stackage-snapshots/master/lts/18/2.yaml
  original:
    url: https://raw.githubusercontent.com/commercialhaskell/stackage-snapshots/master/lts/18/2.yaml
